# THIS IS AN AUTOGENERATED FILE. DO NOT EDIT THIS FILE DIRECTLY.
# yarn lockfile v1


"@pagefind/darwin-arm64@1.4.0":
  version "1.4.0"
  resolved "https://registry.npmmirror.com/@pagefind/darwin-arm64/-/darwin-arm64-1.4.0.tgz#0315030e6a89bec3121273b1851f7aadf0b12425"
  integrity sha512-2vMqkbv3lbx1Awea90gTaBsvpzgRs7MuSgKDxW0m9oV1GPZCZbZBJg/qL83GIUEN2BFlY46dtUZi54pwH+/pTQ==

"@pagefind/darwin-x64@1.4.0":
  version "1.4.0"
  resolved "https://registry.npmmirror.com/@pagefind/darwin-x64/-/darwin-x64-1.4.0.tgz#671e1fe0f0733350a3eb244ace2675166186793e"
  integrity sha512-e7JPIS6L9/cJfow+/IAqknsGqEPjJnVXGjpGm25bnq+NPdoD3c/7fAwr1OXkG4Ocjx6ZGSCijXEV4ryMcH2E3A==

"@pagefind/freebsd-x64@1.4.0":
  version "1.4.0"
  resolved "https://registry.npmmirror.com/@pagefind/freebsd-x64/-/freebsd-x64-1.4.0.tgz#3419701ce810e7ec050bbf4786b1c3bee78ec51b"
  integrity sha512-WcJVypXSZ+9HpiqZjFXMUobfFfZZ6NzIYtkhQ9eOhZrQpeY5uQFqNWLCk7w9RkMUwBv1HAMDW3YJQl/8OqsV0Q==

"@pagefind/linux-arm64@1.4.0":
  version "1.4.0"
  resolved "https://registry.npmmirror.com/@pagefind/linux-arm64/-/linux-arm64-1.4.0.tgz#ba2a5c8d10d5273fe61a8d230b546b08d22cb676"
  integrity sha512-PIt8dkqt4W06KGmQjONw7EZbhDF+uXI7i0XtRLN1vjCUxM9vGPdtJc2mUyVPevjomrGz5M86M8bqTr6cgDp1Uw==

"@pagefind/linux-x64@1.4.0":
  version "1.4.0"
  resolved "https://registry.npmmirror.com/@pagefind/linux-x64/-/linux-x64-1.4.0.tgz#1e56bb3c91fd0128be84e98897c9785c489fbbb7"
  integrity sha512-z4oddcWwQ0UHrTHR8psLnVlz6USGJ/eOlDPTDYZ4cI8TK8PgwRUPQZp9D2iJPNIPcS6Qx/E4TebjuGJOyK8Mmg==

"@pagefind/windows-x64@1.4.0":
  version "1.4.0"
  resolved "https://registry.npmmirror.com/@pagefind/windows-x64/-/windows-x64-1.4.0.tgz#ba68fd609621132e8e314a89e2d2d52516f61723"
  integrity sha512-NkT+YAdgS2FPCn8mIA9bQhiBs+xmniMGq1LFPDhcFn0+2yIUEiIG06t7bsZlhdjknEQRTSdT7YitP6fC5qwP0g==

pagefind@^1.1.0:
  version "1.4.0"
  resolved "https://registry.npmmirror.com/pagefind/-/pagefind-1.4.0.tgz#0154b0a44b5ef9ef55c156824a3244bfc0c4008d"
  integrity sha512-z2kY1mQlL4J8q5EIsQkLzQjilovKzfNVhX8De6oyE6uHpfFtyBaqUpcl/XzJC/4fjD8vBDyh1zolimIcVrCn9g==
  optionalDependencies:
    "@pagefind/darwin-arm64" "1.4.0"
    "@pagefind/darwin-x64" "1.4.0"
    "@pagefind/freebsd-x64" "1.4.0"
    "@pagefind/linux-arm64" "1.4.0"
    "@pagefind/linux-x64" "1.4.0"
    "@pagefind/windows-x64" "1.4.0"
